
Microsoft Visual Studio Solution File, Format Version 12.00
# Visual Studio Version 16
VisualStudioVersion = 16.0.31624.102
MinimumVisualStudioVersion = 10.0.40219.1
Project("{FAE04EC0-301F-11D3-BF4B-00C04F79EFBC}") = "Soulution", "Soulution\Soulution.csproj", "{877BF5F8-37E7-4CB5-BA57-F5A6786A8740}"
EndProject
Global
	GlobalSection(SolutionConfigurationPlatforms) = preSolution
		Debug|Any CPU = Debug|Any CPU
		Release|Any CPU = Release|Any CPU
	EndGlobalSection
	GlobalSection(ProjectConfigurationPlatforms) = postSolution
		{877BF5F8-37E7-4CB5-BA57-F5A6786A8740}.Debug|Any CPU.ActiveCfg = Debug|Any CPU
		{877BF5F8-37E7-4CB5-BA57-F5A6786A8740}.Debug|Any CPU.Build.0 = Debug|Any CPU
		{877BF5F8-37E7-4CB5-BA57-F5A6786A8740}.Release|Any CPU.ActiveCfg = Release|Any CPU
		{877BF5F8-37E7-4CB5-BA57-F5A6786A8740}.Release|Any CPU.Build.0 = Release|Any CPU
	EndGlobalSection
	GlobalSection(SolutionProperties) = preSolution
		HideSolutionNode = FALSE
	EndGlobalSection
	GlobalSection(ExtensibilityGlobals) = postSolution
		SolutionGuid = {8BDD9503-3002-4386-BEBA-F945FEDCD3F2}
	EndGlobalSection
EndGlobal
